
Microsoft Visual Studio Solution File, Format Version 12.00
# Visual Studio Version 17
VisualStudioVersion = 17.7.34024.191
MinimumVisualStudioVersion = 10.0.40219.1
Project("{FAE04EC0-301F-11D3-BF4B-00C04F79EFBC}") = "Temperatur", "Temperatur\Temperatur.csproj", "{81D76270-0A93-418C-8B2D-00F2E21C6262}"
EndProject
Global
	GlobalSection(SolutionConfigurationPlatforms) = preSolution
		Debug|Any CPU = Debug|Any CPU
		Release|Any CPU = Release|Any CPU
	EndGlobalSection
	GlobalSection(ProjectConfigurationPlatforms) = postSolution
		{81D76270-0A93-418C-8B2D-00F2E21C6262}.Debug|Any CPU.ActiveCfg = Debug|Any CPU
		{81D76270-0A93-418C-8B2D-00F2E21C6262}.Debug|Any CPU.Build.0 = Debug|Any CPU
		{81D76270-0A93-418C-8B2D-00F2E21C6262}.Release|Any CPU.ActiveCfg = Release|Any CPU
		{81D76270-0A93-418C-8B2D-00F2E21C6262}.Release|Any CPU.Build.0 = Release|Any CPU
	EndGlobalSection
	GlobalSection(SolutionProperties) = preSolution
		HideSolutionNode = FALSE
	EndGlobalSection
	GlobalSection(ExtensibilityGlobals) = postSolution
		SolutionGuid = {B6183456-5B35-447B-8B07-F7C8241D313B}
	EndGlobalSection
EndGlobal
